
Microsoft Visual Studio Solution File, Format Version 12.00
# Visual Studio Version 17
VisualStudioVersion = 17.7.34202.233
MinimumVisualStudioVersion = 10.0.40219.1
Project("{2150E333-8FDC-42A3-9474-1A3956D46DE8}") = "Core", "Core", "{B7805B8C-E798-4ECD-B681-71D448A2DDED}"
EndProject
Project("{9A19103F-16F7-4668-BE54-9A1E7A4F7556}") = "WebApi.Domain", "Core\WebApi.Domain\WebApi.Domain.csproj", "{95BFFD54-7ACF-44A7-AEFB-EF7750C04DF8}"
EndProject
Project("{2150E333-8FDC-42A3-9474-1A3956D46DE8}") = "Infrastructure", "Infrastructure", "{0598FBB5-5CE1-401E-A571-99D1F7E15334}"
EndProject
Project("{9A19103F-16F7-4668-BE54-9A1E7A4F7556}") = "WebApi.Persistence", "Infrastructure\WebApi.Persistence\WebApi.Persistence.csproj", "{F0B5123F-2AA4-4863-9237-88AF647ECF82}"
EndProject
Project("{2150E333-8FDC-42A3-9474-1A3956D46DE8}") = "Presentation", "Presentation", "{86607A3F-C1D9-4004-B29A-2A68EBEF4925}"
EndProject
Project("{9A19103F-16F7-4668-BE54-9A1E7A4F7556}") = "WebApi.API", "Presentation\WebApi.API\WebApi.API.csproj", "{4D1AD5FD-FCE1-45DE-9D4A-220289FB7816}"
EndProject
Project("{FAE04EC0-301F-11D3-BF4B-00C04F79EFBC}") = "WebApi.IdentityMVC", "Presentation\WebApi.IdentityMVC\WebApi.IdentityMVC.csproj", "{8CD89747-A947-44F2-95F9-735749604006}"
EndProject
Global
	GlobalSection(SolutionConfigurationPlatforms) = preSolution
		Debug|Any CPU = Debug|Any CPU
		Release|Any CPU = Release|Any CPU
	EndGlobalSection
	GlobalSection(ProjectConfigurationPlatforms) = postSolution
		{95BFFD54-7ACF-44A7-AEFB-EF7750C04DF8}.Debug|Any CPU.ActiveCfg = Debug|Any CPU
		{95BFFD54-7ACF-44A7-AEFB-EF7750C04DF8}.Debug|Any CPU.Build.0 = Debug|Any CPU
		{95BFFD54-7ACF-44A7-AEFB-EF7750C04DF8}.Release|Any CPU.ActiveCfg = Release|Any CPU
		{95BFFD54-7ACF-44A7-AEFB-EF7750C04DF8}.Release|Any CPU.Build.0 = Release|Any CPU
		{F0B5123F-2AA4-4863-9237-88AF647ECF82}.Debug|Any CPU.ActiveCfg = Debug|Any CPU
		{F0B5123F-2AA4-4863-9237-88AF647ECF82}.Debug|Any CPU.Build.0 = Debug|Any CPU
		{F0B5123F-2AA4-4863-9237-88AF647ECF82}.Release|Any CPU.ActiveCfg = Release|Any CPU
		{F0B5123F-2AA4-4863-9237-88AF647ECF82}.Release|Any CPU.Build.0 = Release|Any CPU
		{4D1AD5FD-FCE1-45DE-9D4A-220289FB7816}.Debug|Any CPU.ActiveCfg = Debug|Any CPU
		{4D1AD5FD-FCE1-45DE-9D4A-220289FB7816}.Debug|Any CPU.Build.0 = Debug|Any CPU
		{4D1AD5FD-FCE1-45DE-9D4A-220289FB7816}.Release|Any CPU.ActiveCfg = Release|Any CPU
		{4D1AD5FD-FCE1-45DE-9D4A-220289FB7816}.Release|Any CPU.Build.0 = Release|Any CPU
		{8CD89747-A947-44F2-95F9-735749604006}.Debug|Any CPU.ActiveCfg = Debug|Any CPU
		{8CD89747-A947-44F2-95F9-735749604006}.Debug|Any CPU.Build.0 = Debug|Any CPU
		{8CD89747-A947-44F2-95F9-735749604006}.Release|Any CPU.ActiveCfg = Release|Any CPU
		{8CD89747-A947-44F2-95F9-735749604006}.Release|Any CPU.Build.0 = Release|Any CPU
	EndGlobalSection
	GlobalSection(SolutionProperties) = preSolution
		HideSolutionNode = FALSE
	EndGlobalSection
	GlobalSection(NestedProjects) = preSolution
		{95BFFD54-7ACF-44A7-AEFB-EF7750C04DF8} = {B7805B8C-E798-4ECD-B681-71D448A2DDED}
		{F0B5123F-2AA4-4863-9237-88AF647ECF82} = {0598FBB5-5CE1-401E-A571-99D1F7E15334}
		{4D1AD5FD-FCE1-45DE-9D4A-220289FB7816} = {86607A3F-C1D9-4004-B29A-2A68EBEF4925}
		{8CD89747-A947-44F2-95F9-735749604006} = {86607A3F-C1D9-4004-B29A-2A68EBEF4925}
	EndGlobalSection
	GlobalSection(ExtensibilityGlobals) = postSolution
		SolutionGuid = {C2E52777-ABA6-497A-8C00-1192FF3024C1}
	EndGlobalSection
EndGlobal
