
Microsoft Visual Studio Solution File, Format Version 12.00
# Visual Studio Version 17
VisualStudioVersion = 17.5.002.0
MinimumVisualStudioVersion = 10.0.40219.1
Project("{9A19103F-16F7-4668-BE54-9A1E7A4F7556}") = "WebApi.API", "WebApi.API.csproj", "{FCADB81B-3C8B-4011-9E46-72E55A4D8FAF}"
EndProject
Global
	GlobalSection(SolutionConfigurationPlatforms) = preSolution
		Debug|Any CPU = Debug|Any CPU
		Release|Any CPU = Release|Any CPU
	EndGlobalSection
	GlobalSection(ProjectConfigurationPlatforms) = postSolution
		{FCADB81B-3C8B-4011-9E46-72E55A4D8FAF}.Debug|Any CPU.ActiveCfg = Debug|Any CPU
		{FCADB81B-3C8B-4011-9E46-72E55A4D8FAF}.Debug|Any CPU.Build.0 = Debug|Any CPU
		{FCADB81B-3C8B-4011-9E46-72E55A4D8FAF}.Release|Any CPU.ActiveCfg = Release|Any CPU
		{FCADB81B-3C8B-4011-9E46-72E55A4D8FAF}.Release|Any CPU.Build.0 = Release|Any CPU
	EndGlobalSection
	GlobalSection(SolutionProperties) = preSolution
		HideSolutionNode = FALSE
	EndGlobalSection
	GlobalSection(ExtensibilityGlobals) = postSolution
		SolutionGuid = {1918933C-CA2C-489B-97B8-955A0607CAEE}
	EndGlobalSection
EndGlobal
